
Microsoft Visual Studio Solution File, Format Version 12.00
# Visual Studio 14
VisualStudioVersion = 14.0.25420.1
MinimumVisualStudioVersion = 10.0.40219.1
Project("{FAE04EC0-301F-11D3-BF4B-00C04F79EFBC}") = "com.company.todo.Android", "com.company.todo\com.company.todo.Android\com.company.todo.Android.csproj", "{F3592D46-A192-4299-B91C-FDC790FBD8B9}"
EndProject
Project("{FAE04EC0-301F-11D3-BF4B-00C04F79EFBC}") = "com.company.todo", "com.company.todo\com.company.todo\com.company.todo.csproj", "{C5C9F9CA-3027-4F9B-A94D-C0B4F821770D}"
EndProject
Project("{FAE04EC0-301F-11D3-BF4B-00C04F79EFBC}") = "com.company.todo.iOS", "com.company.todo\com.company.todo.iOS\com.company.todo.iOS.csproj", "{FEAB7428-5A8B-4953-9E75-E228A9D9B0AB}"
EndProject
Global
	GlobalSection(SolutionConfigurationPlatforms) = preSolution
		Ad-Hoc|Any CPU = Ad-Hoc|Any CPU
		Ad-Hoc|iPhone = Ad-Hoc|iPhone
		Ad-Hoc|iPhoneSimulator = Ad-Hoc|iPhoneSimulator
		AppStore|Any CPU = AppStore|Any CPU
		AppStore|iPhone = AppStore|iPhone
		AppStore|iPhoneSimulator = AppStore|iPhoneSimulator
		Debug|Any CPU = Debug|Any CPU
		Debug|iPhone = Debug|iPhone
		Debug|iPhoneSimulator = Debug|iPhoneSimulator
		Release|Any CPU = Release|Any CPU
		Release|iPhone = Release|iPhone
		Release|iPhoneSimulator = Release|iPhoneSimulator
	EndGlobalSection
	GlobalSection(ProjectConfigurationPlatforms) = postSolution
		{F3592D46-A192-4299-B91C-FDC790FBD8B9}.Ad-Hoc|Any CPU.ActiveCfg = Release|Any CPU
		{F3592D46-A192-4299-B91C-FDC790FBD8B9}.Ad-Hoc|Any CPU.Build.0 = Release|Any CPU
		{F3592D46-A192-4299-B91C-FDC790FBD8B9}.Ad-Hoc|Any CPU.Deploy.0 = Release|Any CPU
		{F3592D46-A192-4299-B91C-FDC790FBD8B9}.Ad-Hoc|iPhone.ActiveCfg = Release|Any CPU
		{F3592D46-A192-4299-B91C-FDC790FBD8B9}.Ad-Hoc|iPhone.Build.0 = Release|Any CPU
		{F3592D46-A192-4299-B91C-FDC790FBD8B9}.Ad-Hoc|iPhone.Deploy.0 = Release|Any CPU
		{F3592D46-A192-4299-B91C-FDC790FBD8B9}.Ad-Hoc|iPhoneSimulator.ActiveCfg = Release|Any CPU
		{F3592D46-A192-4299-B91C-FDC790FBD8B9}.Ad-Hoc|iPhoneSimulator.Build.0 = Release|Any CPU
		{F3592D46-A192-4299-B91C-FDC790FBD8B9}.Ad-Hoc|iPhoneSimulator.Deploy.0 = Release|Any CPU
		{F3592D46-A192-4299-B91C-FDC790FBD8B9}.AppStore|Any CPU.ActiveCfg = Release|Any CPU
		{F3592D46-A192-4299-B91C-FDC790FBD8B9}.AppStore|Any CPU.Build.0 = Release|Any CPU
		{F3592D46-A192-4299-B91C-FDC790FBD8B9}.AppStore|Any CPU.Deploy.0 = Release|Any CPU
		{F3592D46-A192-4299-B91C-FDC790FBD8B9}.AppStore|iPhone.ActiveCfg = Release|Any CPU
		{F3592D46-A192-4299-B91C-FDC790FBD8B9}.AppStore|iPhone.Build.0 = Release|Any CPU
		{F3592D46-A192-4299-B91C-FDC790FBD8B9}.AppStore|iPhone.Deploy.0 = Release|Any CPU
		{F3592D46-A192-4299-B91C-FDC790FBD8B9}.AppStore|iPhoneSimulator.ActiveCfg = Release|Any CPU
		{F3592D46-A192-4299-B91C-FDC790FBD8B9}.AppStore|iPhoneSimulator.Build.0 = Release|Any CPU
		{F3592D46-A192-4299-B91C-FDC790FBD8B9}.AppStore|iPhoneSimulator.Deploy.0 = Release|Any CPU
		{F3592D46-A192-4299-B91C-FDC790FBD8B9}.Debug|Any CPU.ActiveCfg = Debug|Any CPU
		{F3592D46-A192-4299-B91C-FDC790FBD8B9}.Debug|Any CPU.Build.0 = Debug|Any CPU
		{F3592D46-A192-4299-B91C-FDC790FBD8B9}.Debug|Any CPU.Deploy.0 = Debug|Any CPU
		{F3592D46-A192-4299-B91C-FDC790FBD8B9}.Debug|iPhone.ActiveCfg = Debug|Any CPU
		{F3592D46-A192-4299-B91C-FDC790FBD8B9}.Debug|iPhone.Build.0 = Debug|Any CPU
		{F3592D46-A192-4299-B91C-FDC790FBD8B9}.Debug|iPhone.Deploy.0 = Debug|Any CPU
		{F3592D46-A192-4299-B91C-FDC790FBD8B9}.Debug|iPhoneSimulator.ActiveCfg = Debug|Any CPU
		{F3592D46-A192-4299-B91C-FDC790FBD8B9}.Debug|iPhoneSimulator.Build.0 = Debug|Any CPU
		{F3592D46-A192-4299-B91C-FDC790FBD8B9}.Debug|iPhoneSimulator.Deploy.0 = Debug|Any CPU
		{F3592D46-A192-4299-B91C-FDC790FBD8B9}.Release|Any CPU.ActiveCfg = Release|Any CPU
		{F3592D46-A192-4299-B91C-FDC790FBD8B9}.Release|Any CPU.Build.0 = Release|Any CPU
		{F3592D46-A192-4299-B91C-FDC790FBD8B9}.Release|Any CPU.Deploy.0 = Release|Any CPU
		{F3592D46-A192-4299-B91C-FDC790FBD8B9}.Release|iPhone.ActiveCfg = Release|Any CPU
		{F3592D46-A192-4299-B91C-FDC790FBD8B9}.Release|iPhone.Build.0 = Release|Any CPU
		{F3592D46-A192-4299-B91C-FDC790FBD8B9}.Release|iPhone.Deploy.0 = Release|Any CPU
		{F3592D46-A192-4299-B91C-FDC790FBD8B9}.Release|iPhoneSimulator.ActiveCfg = Release|Any CPU
		{F3592D46-A192-4299-B91C-FDC790FBD8B9}.Release|iPhoneSimulator.Build.0 = Release|Any CPU
		{F3592D46-A192-4299-B91C-FDC790FBD8B9}.Release|iPhoneSimulator.Deploy.0 = Release|Any CPU
		{C5C9F9CA-3027-4F9B-A94D-C0B4F821770D}.Ad-Hoc|Any CPU.ActiveCfg = Release|Any CPU
		{C5C9F9CA-3027-4F9B-A94D-C0B4F821770D}.Ad-Hoc|Any CPU.Build.0 = Release|Any CPU
		{C5C9F9CA-3027-4F9B-A94D-C0B4F821770D}.Ad-Hoc|Any CPU.Deploy.0 = Release|Any CPU
		{C5C9F9CA-3027-4F9B-A94D-C0B4F821770D}.Ad-Hoc|iPhone.ActiveCfg = Release|Any CPU
		{C5C9F9CA-3027-4F9B-A94D-C0B4F821770D}.Ad-Hoc|iPhone.Build.0 = Release|Any CPU
		{C5C9F9CA-3027-4F9B-A94D-C0B4F821770D}.Ad-Hoc|iPhone.Deploy.0 = Release|Any CPU
		{C5C9F9CA-3027-4F9B-A94D-C0B4F821770D}.Ad-Hoc|iPhoneSimulator.ActiveCfg = Release|Any CPU
		{C5C9F9CA-3027-4F9B-A94D-C0B4F821770D}.Ad-Hoc|iPhoneSimulator.Build.0 = Release|Any CPU
		{C5C9F9CA-3027-4F9B-A94D-C0B4F821770D}.Ad-Hoc|iPhoneSimulator.Deploy.0 = Release|Any CPU
		{C5C9F9CA-3027-4F9B-A94D-C0B4F821770D}.AppStore|Any CPU.ActiveCfg = Release|Any CPU
		{C5C9F9CA-3027-4F9B-A94D-C0B4F821770D}.AppStore|Any CPU.Build.0 = Release|Any CPU
		{C5C9F9CA-3027-4F9B-A94D-C0B4F821770D}.AppStore|Any CPU.Deploy.0 = Release|Any CPU
		{C5C9F9CA-3027-4F9B-A94D-C0B4F821770D}.AppStore|iPhone.ActiveCfg = Release|Any CPU
		{C5C9F9CA-3027-4F9B-A94D-C0B4F821770D}.AppStore|iPhone.Build.0 = Release|Any CPU
		{C5C9F9CA-3027-4F9B-A94D-C0B4F821770D}.AppStore|iPhone.Deploy.0 = Release|Any CPU
		{C5C9F9CA-3027-4F9B-A94D-C0B4F821770D}.AppStore|iPhoneSimulator.ActiveCfg = Release|Any CPU
		{C5C9F9CA-3027-4F9B-A94D-C0B4F821770D}.AppStore|iPhoneSimulator.Build.0 = Release|Any CPU
		{C5C9F9CA-3027-4F9B-A94D-C0B4F821770D}.AppStore|iPhoneSimulator.Deploy.0 = Release|Any CPU
		{C5C9F9CA-3027-4F9B-A94D-C0B4F821770D}.Debug|Any CPU.ActiveCfg = Debug|Any CPU
		{C5C9F9CA-3027-4F9B-A94D-C0B4F821770D}.Debug|Any CPU.Build.0 = Debug|Any CPU
		{C5C9F9CA-3027-4F9B-A94D-C0B4F821770D}.Debug|Any CPU.Deploy.0 = Debug|Any CPU
		{C5C9F9CA-3027-4F9B-A94D-C0B4F821770D}.Debug|iPhone.ActiveCfg = Debug|Any CPU
		{C5C9F9CA-3027-4F9B-A94D-C0B4F821770D}.Debug|iPhone.Build.0 = Debug|Any CPU
		{C5C9F9CA-3027-4F9B-A94D-C0B4F821770D}.Debug|iPhone.Deploy.0 = Debug|Any CPU
		{C5C9F9CA-3027-4F9B-A94D-C0B4F821770D}.Debug|iPhoneSimulator.ActiveCfg = Debug|Any CPU
		{C5C9F9CA-3027-4F9B-A94D-C0B4F821770D}.Debug|iPhoneSimulator.Build.0 = Debug|Any CPU
		{C5C9F9CA-3027-4F9B-A94D-C0B4F821770D}.Debug|iPhoneSimulator.Deploy.0 = Debug|Any CPU
		{C5C9F9CA-3027-4F9B-A94D-C0B4F821770D}.Release|Any CPU.ActiveCfg = Release|Any CPU
		{C5C9F9CA-3027-4F9B-A94D-C0B4F821770D}.Release|Any CPU.Build.0 = Release|Any CPU
		{C5C9F9CA-3027-4F9B-A94D-C0B4F821770D}.Release|Any CPU.Deploy.0 = Release|Any CPU
		{C5C9F9CA-3027-4F9B-A94D-C0B4F821770D}.Release|iPhone.ActiveCfg = Release|Any CPU
		{C5C9F9CA-3027-4F9B-A94D-C0B4F821770D}.Release|iPhone.Build.0 = Release|Any CPU
		{C5C9F9CA-3027-4F9B-A94D-C0B4F821770D}.Release|iPhone.Deploy.0 = Release|Any CPU
		{C5C9F9CA-3027-4F9B-A94D-C0B4F821770D}.Release|iPhoneSimulator.ActiveCfg = Release|Any CPU
		{C5C9F9CA-3027-4F9B-A94D-C0B4F821770D}.Release|iPhoneSimulator.Build.0 = Release|Any CPU
		{C5C9F9CA-3027-4F9B-A94D-C0B4F821770D}.Release|iPhoneSimulator.Deploy.0 = Release|Any CPU
		{FEAB7428-5A8B-4953-9E75-E228A9D9B0AB}.Ad-Hoc|Any CPU.ActiveCfg = Ad-Hoc|iPhone
		{FEAB7428-5A8B-4953-9E75-E228A9D9B0AB}.Ad-Hoc|Any CPU.Build.0 = Ad-Hoc|iPhone
		{FEAB7428-5A8B-4953-9E75-E228A9D9B0AB}.Ad-Hoc|Any CPU.Deploy.0 = Ad-Hoc|iPhone
		{FEAB7428-5A8B-4953-9E75-E228A9D9B0AB}.Ad-Hoc|iPhone.ActiveCfg = Ad-Hoc|iPhone
		{FEAB7428-5A8B-4953-9E75-E228A9D9B0AB}.Ad-Hoc|iPhone.Build.0 = Ad-Hoc|iPhone
		{FEAB7428-5A8B-4953-9E75-E228A9D9B0AB}.Ad-Hoc|iPhone.Deploy.0 = Ad-Hoc|iPhone
		{FEAB7428-5A8B-4953-9E75-E228A9D9B0AB}.Ad-Hoc|iPhoneSimulator.ActiveCfg = Ad-Hoc|iPhoneSimulator
		{FEAB7428-5A8B-4953-9E75-E228A9D9B0AB}.Ad-Hoc|iPhoneSimulator.Build.0 = Ad-Hoc|iPhoneSimulator
		{FEAB7428-5A8B-4953-9E75-E228A9D9B0AB}.Ad-Hoc|iPhoneSimulator.Deploy.0 = Ad-Hoc|iPhoneSimulator
		{FEAB7428-5A8B-4953-9E75-E228A9D9B0AB}.AppStore|Any CPU.ActiveCfg = AppStore|iPhone
		{FEAB7428-5A8B-4953-9E75-E228A9D9B0AB}.AppStore|Any CPU.Build.0 = AppStore|iPhone
		{FEAB7428-5A8B-4953-9E75-E228A9D9B0AB}.AppStore|Any CPU.Deploy.0 = AppStore|iPhone
		{FEAB7428-5A8B-4953-9E75-E228A9D9B0AB}.AppStore|iPhone.ActiveCfg = AppStore|iPhone
		{FEAB7428-5A8B-4953-9E75-E228A9D9B0AB}.AppStore|iPhone.Build.0 = AppStore|iPhone
		{FEAB7428-5A8B-4953-9E75-E228A9D9B0AB}.AppStore|iPhone.Deploy.0 = AppStore|iPhone
		{FEAB7428-5A8B-4953-9E75-E228A9D9B0AB}.AppStore|iPhoneSimulator.ActiveCfg = AppStore|iPhoneSimulator
		{FEAB7428-5A8B-4953-9E75-E228A9D9B0AB}.AppStore|iPhoneSimulator.Build.0 = AppStore|iPhoneSimulator
		{FEAB7428-5A8B-4953-9E75-E228A9D9B0AB}.AppStore|iPhoneSimulator.Deploy.0 = AppStore|iPhoneSimulator
		{FEAB7428-5A8B-4953-9E75-E228A9D9B0AB}.Debug|Any CPU.ActiveCfg = Debug|iPhoneSimulator
		{FEAB7428-5A8B-4953-9E75-E228A9D9B0AB}.Debug|Any CPU.Build.0 = Debug|iPhoneSimulator
		{FEAB7428-5A8B-4953-9E75-E228A9D9B0AB}.Debug|Any CPU.Deploy.0 = Debug|iPhoneSimulator
		{FEAB7428-5A8B-4953-9E75-E228A9D9B0AB}.Debug|iPhone.ActiveCfg = Debug|iPhone
		{FEAB7428-5A8B-4953-9E75-E228A9D9B0AB}.Debug|iPhone.Build.0 = Debug|iPhone
		{FEAB7428-5A8B-4953-9E75-E228A9D9B0AB}.Debug|iPhone.Deploy.0 = Debug|iPhone
		{FEAB7428-5A8B-4953-9E75-E228A9D9B0AB}.Debug|iPhoneSimulator.ActiveCfg = Debug|iPhoneSimulator
		{FEAB7428-5A8B-4953-9E75-E228A9D9B0AB}.Debug|iPhoneSimulator.Build.0 = Debug|iPhoneSimulator
		{FEAB7428-5A8B-4953-9E75-E228A9D9B0AB}.Debug|iPhoneSimulator.Deploy.0 = Debug|iPhoneSimulator
		{FEAB7428-5A8B-4953-9E75-E228A9D9B0AB}.Release|Any CPU.ActiveCfg = Release|iPhone
		{FEAB7428-5A8B-4953-9E75-E228A9D9B0AB}.Release|Any CPU.Build.0 = Release|iPhone
		{FEAB7428-5A8B-4953-9E75-E228A9D9B0AB}.Release|Any CPU.Deploy.0 = Release|iPhone
		{FEAB7428-5A8B-4953-9E75-E228A9D9B0AB}.Release|iPhone.ActiveCfg = Release|iPhone
		{FEAB7428-5A8B-4953-9E75-E228A9D9B0AB}.Release|iPhone.Build.0 = Release|iPhone
		{FEAB7428-5A8B-4953-9E75-E228A9D9B0AB}.Release|iPhone.Deploy.0 = Release|iPhone
		{FEAB7428-5A8B-4953-9E75-E228A9D9B0AB}.Release|iPhoneSimulator.ActiveCfg = Release|iPhoneSimulator
		{FEAB7428-5A8B-4953-9E75-E228A9D9B0AB}.Release|iPhoneSimulator.Build.0 = Release|iPhoneSimulator
		{FEAB7428-5A8B-4953-9E75-E228A9D9B0AB}.Release|iPhoneSimulator.Deploy.0 = Release|iPhoneSimulator
	EndGlobalSection
	GlobalSection(SolutionProperties) = preSolution
		HideSolutionNode = FALSE
	EndGlobalSection
EndGlobal
